
Microsoft Visual Studio Solution File, Format Version 12.00
# Visual Studio 15
VisualStudioVersion = 15.0.26124.0
MinimumVisualStudioVersion = 15.0.26124.0
Project("{FAE04EC0-301F-11D3-BF4B-00C04F79EFBC}") = "PaymentContext.Domain", "PaymentContext.Domain\PaymentContext.Domain.csproj", "{313BF821-0EF3-4615-83FE-967F07B3EC7C}"
EndProject
Project("{FAE04EC0-301F-11D3-BF4B-00C04F79EFBC}") = "PaymentContext.Shared", "PaymentContext.Shared\PaymentContext.Shared.csproj", "{7193774C-9802-41AF-AA78-F96E1707E803}"
EndProject
Project("{FAE04EC0-301F-11D3-BF4B-00C04F79EFBC}") = "PaymentContext.Tests", "PaymentContext.Tests\PaymentContext.Tests.csproj", "{0C397A06-0ED4-4DF7-B022-901CCBAF0DE4}"
EndProject
Global
	GlobalSection(SolutionConfigurationPlatforms) = preSolution
		Debug|Any CPU = Debug|Any CPU
		Debug|x64 = Debug|x64
		Debug|x86 = Debug|x86
		Release|Any CPU = Release|Any CPU
		Release|x64 = Release|x64
		Release|x86 = Release|x86
	EndGlobalSection
	GlobalSection(SolutionProperties) = preSolution
		HideSolutionNode = FALSE
	EndGlobalSection
	GlobalSection(ProjectConfigurationPlatforms) = postSolution
		{313BF821-0EF3-4615-83FE-967F07B3EC7C}.Debug|Any CPU.ActiveCfg = Debug|Any CPU
		{313BF821-0EF3-4615-83FE-967F07B3EC7C}.Debug|Any CPU.Build.0 = Debug|Any CPU
		{313BF821-0EF3-4615-83FE-967F07B3EC7C}.Debug|x64.ActiveCfg = Debug|Any CPU
		{313BF821-0EF3-4615-83FE-967F07B3EC7C}.Debug|x64.Build.0 = Debug|Any CPU
		{313BF821-0EF3-4615-83FE-967F07B3EC7C}.Debug|x86.ActiveCfg = Debug|Any CPU
		{313BF821-0EF3-4615-83FE-967F07B3EC7C}.Debug|x86.Build.0 = Debug|Any CPU
		{313BF821-0EF3-4615-83FE-967F07B3EC7C}.Release|Any CPU.ActiveCfg = Release|Any CPU
		{313BF821-0EF3-4615-83FE-967F07B3EC7C}.Release|Any CPU.Build.0 = Release|Any CPU
		{313BF821-0EF3-4615-83FE-967F07B3EC7C}.Release|x64.ActiveCfg = Release|Any CPU
		{313BF821-0EF3-4615-83FE-967F07B3EC7C}.Release|x64.Build.0 = Release|Any CPU
		{313BF821-0EF3-4615-83FE-967F07B3EC7C}.Release|x86.ActiveCfg = Release|Any CPU
		{313BF821-0EF3-4615-83FE-967F07B3EC7C}.Release|x86.Build.0 = Release|Any CPU
		{7193774C-9802-41AF-AA78-F96E1707E803}.Debug|Any CPU.ActiveCfg = Debug|Any CPU
		{7193774C-9802-41AF-AA78-F96E1707E803}.Debug|Any CPU.Build.0 = Debug|Any CPU
		{7193774C-9802-41AF-AA78-F96E1707E803}.Debug|x64.ActiveCfg = Debug|Any CPU
		{7193774C-9802-41AF-AA78-F96E1707E803}.Debug|x64.Build.0 = Debug|Any CPU
		{7193774C-9802-41AF-AA78-F96E1707E803}.Debug|x86.ActiveCfg = Debug|Any CPU
		{7193774C-9802-41AF-AA78-F96E1707E803}.Debug|x86.Build.0 = Debug|Any CPU
		{7193774C-9802-41AF-AA78-F96E1707E803}.Release|Any CPU.ActiveCfg = Release|Any CPU
		{7193774C-9802-41AF-AA78-F96E1707E803}.Release|Any CPU.Build.0 = Release|Any CPU
		{7193774C-9802-41AF-AA78-F96E1707E803}.Release|x64.ActiveCfg = Release|Any CPU
		{7193774C-9802-41AF-AA78-F96E1707E803}.Release|x64.Build.0 = Release|Any CPU
		{7193774C-9802-41AF-AA78-F96E1707E803}.Release|x86.ActiveCfg = Release|Any CPU
		{7193774C-9802-41AF-AA78-F96E1707E803}.Release|x86.Build.0 = Release|Any CPU
		{0C397A06-0ED4-4DF7-B022-901CCBAF0DE4}.Debug|Any CPU.ActiveCfg = Debug|Any CPU
		{0C397A06-0ED4-4DF7-B022-901CCBAF0DE4}.Debug|Any CPU.Build.0 = Debug|Any CPU
		{0C397A06-0ED4-4DF7-B022-901CCBAF0DE4}.Debug|x64.ActiveCfg = Debug|Any CPU
		{0C397A06-0ED4-4DF7-B022-901CCBAF0DE4}.Debug|x64.Build.0 = Debug|Any CPU
		{0C397A06-0ED4-4DF7-B022-901CCBAF0DE4}.Debug|x86.ActiveCfg = Debug|Any CPU
		{0C397A06-0ED4-4DF7-B022-901CCBAF0DE4}.Debug|x86.Build.0 = Debug|Any CPU
		{0C397A06-0ED4-4DF7-B022-901CCBAF0DE4}.Release|Any CPU.ActiveCfg = Release|Any CPU
		{0C397A06-0ED4-4DF7-B022-901CCBAF0DE4}.Release|Any CPU.Build.0 = Release|Any CPU
		{0C397A06-0ED4-4DF7-B022-901CCBAF0DE4}.Release|x64.ActiveCfg = Release|Any CPU
		{0C397A06-0ED4-4DF7-B022-901CCBAF0DE4}.Release|x64.Build.0 = Release|Any CPU
		{0C397A06-0ED4-4DF7-B022-901CCBAF0DE4}.Release|x86.ActiveCfg = Release|Any CPU
		{0C397A06-0ED4-4DF7-B022-901CCBAF0DE4}.Release|x86.Build.0 = Release|Any CPU
	EndGlobalSection
EndGlobal
